// !$*UTF8*$!
{
	archiveVersion = 1;
	classes = {
	};
	objectVersion = 48;
	objects = {

/* Begin PBXBuildFile section */
		4204919A201B6ED6005D61B9 /* AppDelegate.m in Sources */ = {isa = PBXBuildFile; fileRef = 42049199201B6ED6005D61B9 /* AppDelegate.m */; };
		420491A0201B6ED6005D61B9 /* Main.storyboard in Resources */ = {isa = PBXBuildFile; fileRef = 4204919E201B6ED6005D61B9 /* Main.storyboard */; };
		420491A2201B6ED6005D61B9 /* Assets.xcassets in Resources */ = {isa = PBXBuildFile; fileRef = 420491A1201B6ED6005D61B9 /* Assets.xcassets */; };
		420491A5201B6ED6005D61B9 /* LaunchScreen.storyboard in Resources */ = {isa = PBXBuildFile; fileRef = 420491A3201B6ED6005D61B9 /* LaunchScreen.storyboard */; };
		420491A8201B6ED6005D61B9 /* main.m in Sources */ = {isa = PBXBuildFile; fileRef = 420491A7201B6ED6005D61B9 /* main.m */; };
		420491B2201B6ED7005D61B9 /* law_iosTests.m in Sources */ = {isa = PBXBuildFile; fileRef = 420491B1201B6ED7005D61B9 /* law_iosTests.m */; };
		420491BD201B6ED7005D61B9 /* law_iosUITests.m in Sources */ = {isa = PBXBuildFile; fileRef = 420491BC201B6ED7005D61B9 /* law_iosUITests.m */; };
		4207CFB4201CCF60003650D3 /* TypeButtonView.m in Sources */ = {isa = PBXBuildFile; fileRef = 4207CFB3201CCF60003650D3 /* TypeButtonView.m */; };
		4207CFB8201CD07C003650D3 /* ChemistryVC.m in Sources */ = {isa = PBXBuildFile; fileRef = 4207CFB7201CD07C003650D3 /* ChemistryVC.m */; };
		4207CFBB201CD96D003650D3 /* KeyboardToolBar.m in Sources */ = {isa = PBXBuildFile; fileRef = 4207CFBA201CD96D003650D3 /* KeyboardToolBar.m */; };
		4207CFBE201DA115003650D3 /* ConditionChooseVC.m in Sources */ = {isa = PBXBuildFile; fileRef = 4207CFBD201DA115003650D3 /* ConditionChooseVC.m */; };
		602F187FB8389405F53D9F70 /* libPods-law-ios.a in Frameworks */ = {isa = PBXBuildFile; fileRef = A44F44D8565854D668CF80E1 /* libPods-law-ios.a */; };
		8FBA8239201C323E0056D8E8 /* BaseViewController.m in Sources */ = {isa = PBXBuildFile; fileRef = 8FBA8238201C323D0056D8E8 /* BaseViewController.m */; };
		8FBA823C201C32970056D8E8 /* Toast.m in Sources */ = {isa = PBXBuildFile; fileRef = 8FBA823B201C32960056D8E8 /* Toast.m */; };
		8FBA8272201C32CF0056D8E8 /* NSObject+Runtime.m in Sources */ = {isa = PBXBuildFile; fileRef = 8FBA823F201C32CF0056D8E8 /* NSObject+Runtime.m */; };
		8FBA8274201C32CF0056D8E8 /* NSString+Analytics.m in Sources */ = {isa = PBXBuildFile; fileRef = 8FBA8243201C32CF0056D8E8 /* NSString+Analytics.m */; };
		8FBA8275201C32CF0056D8E8 /* NSString+Color.m in Sources */ = {isa = PBXBuildFile; fileRef = 8FBA8245201C32CF0056D8E8 /* NSString+Color.m */; };
		8FBA8276201C32CF0056D8E8 /* NSString+Extension.m in Sources */ = {isa = PBXBuildFile; fileRef = 8FBA8247201C32CF0056D8E8 /* NSString+Extension.m */; };
		8FBA8277201C32CF0056D8E8 /* NSString+InOrderSubstring.m in Sources */ = {isa = PBXBuildFile; fileRef = 8FBA8249201C32CF0056D8E8 /* NSString+InOrderSubstring.m */; };
		8FBA8278201C32CF0056D8E8 /* NSString+Password.m in Sources */ = {isa = PBXBuildFile; fileRef = 8FBA824B201C32CF0056D8E8 /* NSString+Password.m */; };
		8FBA8279201C32CF0056D8E8 /* NSString+RemoveEmoji.m in Sources */ = {isa = PBXBuildFile; fileRef = 8FBA824D201C32CF0056D8E8 /* NSString+RemoveEmoji.m */; };
		8FBA827A201C32CF0056D8E8 /* UIAlertView+Block.m in Sources */ = {isa = PBXBuildFile; fileRef = 8FBA824F201C32CF0056D8E8 /* UIAlertView+Block.m */; };
		8FBA827B201C32CF0056D8E8 /* UIBarButtonItem+Action.m in Sources */ = {isa = PBXBuildFile; fileRef = 8FBA8251201C32CF0056D8E8 /* UIBarButtonItem+Action.m */; };
		8FBA827C201C32CF0056D8E8 /* UICollectionViewCell+ReuseIdentifier.m in Sources */ = {isa = PBXBuildFile; fileRef = 8FBA8253201C32CF0056D8E8 /* UICollectionViewCell+ReuseIdentifier.m */; };
		8FBA827D201C32CF0056D8E8 /* UIColor+Addtion.m in Sources */ = {isa = PBXBuildFile; fileRef = 8FBA8255201C32CF0056D8E8 /* UIColor+Addtion.m */; };
		8FBA827E201C32CF0056D8E8 /* UIColor+Random.m in Sources */ = {isa = PBXBuildFile; fileRef = 8FBA8257201C32CF0056D8E8 /* UIColor+Random.m */; };
		8FBA827F201C32CF0056D8E8 /* UIImage+Addtion.m in Sources */ = {isa = PBXBuildFile; fileRef = 8FBA8259201C32CF0056D8E8 /* UIImage+Addtion.m */; };
		8FBA8280201C32CF0056D8E8 /* UIImage+BlurredFrame.m in Sources */ = {isa = PBXBuildFile; fileRef = 8FBA825B201C32CF0056D8E8 /* UIImage+BlurredFrame.m */; };
		8FBA8281201C32CF0056D8E8 /* UIImage+getImage.m in Sources */ = {isa = PBXBuildFile; fileRef = 8FBA825D201C32CF0056D8E8 /* UIImage+getImage.m */; };
		8FBA8282201C32CF0056D8E8 /* UIImage+ImageEffects.m in Sources */ = {isa = PBXBuildFile; fileRef = 8FBA825F201C32CF0056D8E8 /* UIImage+ImageEffects.m */; };
		8FBA8283201C32CF0056D8E8 /* UIImage+Utility.m in Sources */ = {isa = PBXBuildFile; fileRef = 8FBA8261201C32CF0056D8E8 /* UIImage+Utility.m */; };
		8FBA8284201C32CF0056D8E8 /* UINavigationBar+BackgroundColor.m in Sources */ = {isa = PBXBuildFile; fileRef = 8FBA8263201C32CF0056D8E8 /* UINavigationBar+BackgroundColor.m */; };
		8FBA8285201C32CF0056D8E8 /* UINavigationController+StackManager.m in Sources */ = {isa = PBXBuildFile; fileRef = 8FBA8265201C32CF0056D8E8 /* UINavigationController+StackManager.m */; };
		8FBA8286201C32CF0056D8E8 /* UITableViewCell+ReuseIdentifier.m in Sources */ = {isa = PBXBuildFile; fileRef = 8FBA8267201C32CF0056D8E8 /* UITableViewCell+ReuseIdentifier.m */; };
		8FBA8287201C32CF0056D8E8 /* UIView+findViewController.m in Sources */ = {isa = PBXBuildFile; fileRef = 8FBA8269201C32CF0056D8E8 /* UIView+findViewController.m */; };
		8FBA8288201C32CF0056D8E8 /* UIView+Frame.m in Sources */ = {isa = PBXBuildFile; fileRef = 8FBA826B201C32CF0056D8E8 /* UIView+Frame.m */; };
		8FBA8289201C32CF0056D8E8 /* UIView+KeyboardAnimation.m in Sources */ = {isa = PBXBuildFile; fileRef = 8FBA826D201C32CF0056D8E8 /* UIView+KeyboardAnimation.m */; };
		8FBA828A201C32CF0056D8E8 /* UIView+Screenshot.m in Sources */ = {isa = PBXBuildFile; fileRef = 8FBA826F201C32CF0056D8E8 /* UIView+Screenshot.m */; };
		8FBA828B201C32CF0056D8E8 /* UIView+Shake.m in Sources */ = {isa = PBXBuildFile; fileRef = 8FBA8271201C32CF0056D8E8 /* UIView+Shake.m */; };
		8FBA828E201C33870056D8E8 /* fnahui@3x.png in Resources */ = {isa = PBXBuildFile; fileRef = 8FBA828C201C33870056D8E8 /* fnahui@3x.png */; };
		8FBA828F201C33870056D8E8 /* fnahui@2x.png in Resources */ = {isa = PBXBuildFile; fileRef = 8FBA828D201C33870056D8E8 /* fnahui@2x.png */; };
		8FBA8292201C33C30056D8E8 /* BaseTableViewCell.m in Sources */ = {isa = PBXBuildFile; fileRef = 8FBA8291201C33C30056D8E8 /* BaseTableViewCell.m */; };
		8FBA8296201C34EF0056D8E8 /* HomeViewController.m in Sources */ = {isa = PBXBuildFile; fileRef = 8FBA8295201C34EF0056D8E8 /* HomeViewController.m */; };
		8FBA8299201C3A9A0056D8E8 /* HttpsManager.m in Sources */ = {isa = PBXBuildFile; fileRef = 8FBA8298201C3A9A0056D8E8 /* HttpsManager.m */; };
		8FBA829C201C42CF0056D8E8 /* MyVi.m in Sources */ = {isa = PBXBuildFile; fileRef = 8FBA829B201C42CF0056D8E8 /* MyVi.m */; };
		8FBA829F201C42E90056D8E8 /* My.m in Sources */ = {isa = PBXBuildFile; fileRef = 8FBA829E201C42E90056D8E8 /* My.m */; };
		8FBA82A5201D7A790056D8E8 /* GudePageVi.m in Sources */ = {isa = PBXBuildFile; fileRef = 8FBA82A4201D7A790056D8E8 /* GudePageVi.m */; };
		8FBA82AA201D7BEB0056D8E8 /* GudePageVi_0.png in Resources */ = {isa = PBXBuildFile; fileRef = 8FBA82A6201D7BEA0056D8E8 /* GudePageVi_0.png */; };
		8FBA82AB201D7BEB0056D8E8 /* GudePageVi_2.png in Resources */ = {isa = PBXBuildFile; fileRef = 8FBA82A7201D7BEB0056D8E8 /* GudePageVi_2.png */; };
		8FBA82AC201D7BEB0056D8E8 /* GudePageVi_1.png in Resources */ = {isa = PBXBuildFile; fileRef = 8FBA82A8201D7BEB0056D8E8 /* GudePageVi_1.png */; };
		8FBA82AD201D7BEB0056D8E8 /* GudePageVi_3.png in Resources */ = {isa = PBXBuildFile; fileRef = 8FBA82A9201D7BEB0056D8E8 /* GudePageVi_3.png */; };
		8FBA82B0201D83180056D8E8 /* LawsViewController.m in Sources */ = {isa = PBXBuildFile; fileRef = 8FBA82AF201D83180056D8E8 /* LawsViewController.m */; };
		8FBA82B3201D850A0056D8E8 /* Back Chevron Copy 4@2x.png in Resources */ = {isa = PBXBuildFile; fileRef = 8FBA82B1201D850A0056D8E8 /* Back Chevron Copy 4@2x.png */; };
		8FBA82B4201D850A0056D8E8 /* Back Chevron Copy 4@3x.png in Resources */ = {isa = PBXBuildFile; fileRef = 8FBA82B2201D850A0056D8E8 /* Back Chevron Copy 4@3x.png */; };
		8FBA82B7201D86EA0056D8E8 /* SecurityViewController.m in Sources */ = {isa = PBXBuildFile; fileRef = 8FBA82B6201D86EA0056D8E8 /* SecurityViewController.m */; };
		8FBA82BA201D8D380056D8E8 /* SearchViewController.m in Sources */ = {isa = PBXBuildFile; fileRef = 8FBA82B9201D8D380056D8E8 /* SearchViewController.m */; };
		8FBA82BD201D91CA0056D8E8 /* SearchTypeViewController.m in Sources */ = {isa = PBXBuildFile; fileRef = 8FBA82BC201D91CA0056D8E8 /* SearchTypeViewController.m */; };
		8FBA82C5201D92870056D8E8 /* UIView+ZWMBadge.m in Sources */ = {isa = PBXBuildFile; fileRef = 8FBA82C0201D92870056D8E8 /* UIView+ZWMBadge.m */; };
		8FBA82C6201D92870056D8E8 /* ZWMSegmentController.m in Sources */ = {isa = PBXBuildFile; fileRef = 8FBA82C2201D92870056D8E8 /* ZWMSegmentController.m */; };
		8FBA82C7201D92870056D8E8 /* ZWMSegmentView.m in Sources */ = {isa = PBXBuildFile; fileRef = 8FBA82C4201D92870056D8E8 /* ZWMSegmentView.m */; };
		8FBA82C9201DDDBA0056D8E8 /* img_three.png in Resources */ = {isa = PBXBuildFile; fileRef = 8FBA82C8201DDDBA0056D8E8 /* img_three.png */; };
		8FBA82CD201DDDC30056D8E8 /* img_cr.png in Resources */ = {isa = PBXBuildFile; fileRef = 8FBA82CA201DDDC20056D8E8 /* img_cr.png */; };
		8FBA82CE201DDDC30056D8E8 /* img_logo.png in Resources */ = {isa = PBXBuildFile; fileRef = 8FBA82CB201DDDC20056D8E8 /* img_logo.png */; };
		8FBA82CF201DDDC30056D8E8 /* img_title.png in Resources */ = {isa = PBXBuildFile; fileRef = 8FBA82CC201DDDC20056D8E8 /* img_title.png */; };
		8FBA82D3201DE51C0056D8E8 /* img_banner2.png in Resources */ = {isa = PBXBuildFile; fileRef = 8FBA82D0201DE51B0056D8E8 /* img_banner2.png */; };
		8FBA82D4201DE51C0056D8E8 /* img_banner3.png in Resources */ = {isa = PBXBuildFile; fileRef = 8FBA82D1201DE51B0056D8E8 /* img_banner3.png */; };
		8FBA82D5201DE51C0056D8E8 /* img_banner1.png in Resources */ = {isa = PBXBuildFile; fileRef = 8FBA82D2201DE51C0056D8E8 /* img_banner1.png */; };
		8FBA82DA201DE6540056D8E8 /* ic_ss.png in Resources */ = {isa = PBXBuildFile; fileRef = 8FBA82D6201DE6540056D8E8 /* ic_ss.png */; };
		8FBA82DB201DE6540056D8E8 /* ic_wh.png in Resources */ = {isa = PBXBuildFile; fileRef = 8FBA82D7201DE6540056D8E8 /* ic_wh.png */; };
		8FBA82DC201DE6540056D8E8 /* ic_fhjj.png in Resources */ = {isa = PBXBuildFile; fileRef = 8FBA82D8201DE6540056D8E8 /* ic_fhjj.png */; };
		8FBA82DD201DE6540056D8E8 /* ic_falv.png in Resources */ = {isa = PBXBuildFile; fileRef = 8FBA82D9201DE6540056D8E8 /* ic_falv.png */; };
		8FBA82E1201DEB260056D8E8 /* ic_bz.png in Resources */ = {isa = PBXBuildFile; fileRef = 8FBA82DE201DEB260056D8E8 /* ic_bz.png */; };
		8FBA82E2201DEB260056D8E8 /* ic_fg.png in Resources */ = {isa = PBXBuildFile; fileRef = 8FBA82DF201DEB260056D8E8 /* ic_fg.png */; };
		8FBA82E3201DEB260056D8E8 /* ic_fl.png in Resources */ = {isa = PBXBuildFile; fileRef = 8FBA82E0201DEB260056D8E8 /* ic_fl.png */; };
		8FBA82E5201DEF150056D8E8 /* img_select_divder.png in Resources */ = {isa = PBXBuildFile; fileRef = 8FBA82E4201DEF140056D8E8 /* img_select_divder.png */; };
		8FBA82E8201DF04C0056D8E8 /* img_wh.png in Resources */ = {isa = PBXBuildFile; fileRef = 8FBA82E6201DF04B0056D8E8 /* img_wh.png */; };
		8FBA82E9201DF04C0056D8E8 /* img_yh.png in Resources */ = {isa = PBXBuildFile; fileRef = 8FBA82E7201DF04B0056D8E8 /* img_yh.png */; };
		8FBA82EB201DF5A00056D8E8 /* ic_search.png in Resources */ = {isa = PBXBuildFile; fileRef = 8FBA82EA201DF59F0056D8E8 /* ic_search.png */; };
/* End PBXBuildFile section */

/* Begin PBXContainerItemProxy section */
		420491AE201B6ED7005D61B9 /* PBXContainerItemProxy */ = {
			isa = PBXContainerItemProxy;
			containerPortal = 4204918D201B6ED6005D61B9 /* Project object */;
			proxyType = 1;
			remoteGlobalIDString = 42049194201B6ED6005D61B9;
			remoteInfo = "law-ios";
		};
		420491B9201B6ED7005D61B9 /* PBXContainerItemProxy */ = {
			isa = PBXContainerItemProxy;
			containerPortal = 4204918D201B6ED6005D61B9 /* Project object */;
			proxyType = 1;
			remoteGlobalIDString = 42049194201B6ED6005D61B9;
			remoteInfo = "law-ios";
		};
/* End PBXContainerItemProxy section */

/* Begin PBXFileReference section */
		42049195201B6ED6005D61B9 /* law-ios.app */ = {isa = PBXFileReference; explicitFileType = wrapper.application; includeInIndex = 0; path = "law-ios.app"; sourceTree = BUILT_PRODUCTS_DIR; };
		42049198201B6ED6005D61B9 /* AppDelegate.h */ = {isa = PBXFileReference; lastKnownFileType = sourcecode.c.h; path = AppDelegate.h; sourceTree = "<group>"; };
		42049199201B6ED6005D61B9 /* AppDelegate.m */ = {isa = PBXFileReference; lastKnownFileType = sourcecode.c.objc; path = AppDelegate.m; sourceTree = "<group>"; };
		4204919F201B6ED6005D61B9 /* Base */ = {isa = PBXFileReference; lastKnownFileType = file.storyboard; name = Base; path = Base.lproj/Main.storyboard; sourceTree = "<group>"; };
		420491A1201B6ED6005D61B9 /* Assets.xcassets */ = {isa = PBXFileReference; lastKnownFileType = folder.assetcatalog; path = Assets.xcassets; sourceTree = "<group>"; };
		420491A4201B6ED6005D61B9 /* Base */ = {isa = PBXFileReference; lastKnownFileType = file.storyboard; name = Base; path = Base.lproj/LaunchScreen.storyboard; sourceTree = "<group>"; };
		420491A6201B6ED6005D61B9 /* Info.plist */ = {isa = PBXFileReference; lastKnownFileType = text.plist.xml; path = Info.plist; sourceTree = "<group>"; };
		420491A7201B6ED6005D61B9 /* main.m */ = {isa = PBXFileReference; lastKnownFileType = sourcecode.c.objc; path = main.m; sourceTree = "<group>"; };
		420491AD201B6ED7005D61B9 /* law-iosTests.xctest */ = {isa = PBXFileReference; explicitFileType = wrapper.cfbundle; includeInIndex = 0; path = "law-iosTests.xctest"; sourceTree = BUILT_PRODUCTS_DIR; };
		420491B1201B6ED7005D61B9 /* law_iosTests.m */ = {isa = PBXFileReference; lastKnownFileType = sourcecode.c.objc; path = law_iosTests.m; sourceTree = "<group>"; };
		420491B3201B6ED7005D61B9 /* Info.plist */ = {isa = PBXFileReference; lastKnownFileType = text.plist.xml; path = Info.plist; sourceTree = "<group>"; };
		420491B8201B6ED7005D61B9 /* law-iosUITests.xctest */ = {isa = PBXFileReference; explicitFileType = wrapper.cfbundle; includeInIndex = 0; path = "law-iosUITests.xctest"; sourceTree = BUILT_PRODUCTS_DIR; };
		420491BC201B6ED7005D61B9 /* law_iosUITests.m */ = {isa = PBXFileReference; lastKnownFileType = sourcecode.c.objc; path = law_iosUITests.m; sourceTree = "<group>"; };
		420491BE201B6ED7005D61B9 /* Info.plist */ = {isa = PBXFileReference; lastKnownFileType = text.plist.xml; path = Info.plist; sourceTree = "<group>"; };
		4207CFAB201CCD6B003650D3 /* UIView+ViewController.m */ = {isa = PBXFileReference; lastKnownFileType = sourcecode.c.objc; path = "UIView+ViewController.m"; sourceTree = "<group>"; };
		4207CFAC201CCD6B003650D3 /* NinaPagerView.m */ = {isa = PBXFileReference; lastKnownFileType = sourcecode.c.objc; path = NinaPagerView.m; sourceTree = "<group>"; };
		4207CFAD201CCD6B003650D3 /* NinaBaseView.m */ = {isa = PBXFileReference; lastKnownFileType = sourcecode.c.objc; path = NinaBaseView.m; sourceTree = "<group>"; };
		4207CFAE201CCD6B003650D3 /* UIView+ViewController.h */ = {isa = PBXFileReference; lastKnownFileType = sourcecode.c.h; path = "UIView+ViewController.h"; sourceTree = "<group>"; };
		4207CFAF201CCD6B003650D3 /* NinaPagerView.h */ = {isa = PBXFileReference; lastKnownFileType = sourcecode.c.h; path = NinaPagerView.h; sourceTree = "<group>"; };
		4207CFB0201CCD6B003650D3 /* UIParameter.h */ = {isa = PBXFileReference; lastKnownFileType = sourcecode.c.h; path = UIParameter.h; sourceTree = "<group>"; };
		4207CFB1201CCD6B003650D3 /* NinaBaseView.h */ = {isa = PBXFileReference; lastKnownFileType = sourcecode.c.h; path = NinaBaseView.h; sourceTree = "<group>"; };
		4207CFB2201CCF60003650D3 /* TypeButtonView.h */ = {isa = PBXFileReference; lastKnownFileType = sourcecode.c.h; path = TypeButtonView.h; sourceTree = "<group>"; };
		4207CFB3201CCF60003650D3 /* TypeButtonView.m */ = {isa = PBXFileReference; lastKnownFileType = sourcecode.c.objc; path = TypeButtonView.m; sourceTree = "<group>"; };
		4207CFB6201CD07C003650D3 /* ChemistryVC.h */ = {isa = PBXFileReference; lastKnownFileType = sourcecode.c.h; path = ChemistryVC.h; sourceTree = "<group>"; };
		4207CFB7201CD07C003650D3 /* ChemistryVC.m */ = {isa = PBXFileReference; lastKnownFileType = sourcecode.c.objc; path = ChemistryVC.m; sourceTree = "<group>"; };
		4207CFB9201CD96D003650D3 /* KeyboardToolBar.h */ = {isa = PBXFileReference; lastKnownFileType = sourcecode.c.h; path = KeyboardToolBar.h; sourceTree = "<group>"; };
		4207CFBA201CD96D003650D3 /* KeyboardToolBar.m */ = {isa = PBXFileReference; lastKnownFileType = sourcecode.c.objc; path = KeyboardToolBar.m; sourceTree = "<group>"; };
		4207CFBC201DA115003650D3 /* ConditionChooseVC.h */ = {isa = PBXFileReference; lastKnownFileType = sourcecode.c.h; path = ConditionChooseVC.h; sourceTree = "<group>"; };
		4207CFBD201DA115003650D3 /* ConditionChooseVC.m */ = {isa = PBXFileReference; lastKnownFileType = sourcecode.c.objc; path = ConditionChooseVC.m; sourceTree = "<group>"; };
		8449870E72FC7864B279328A /* Pods-law-ios.debug.xcconfig */ = {isa = PBXFileReference; includeInIndex = 1; lastKnownFileType = text.xcconfig; name = "Pods-law-ios.debug.xcconfig"; path = "Pods/Target Support Files/Pods-law-ios/Pods-law-ios.debug.xcconfig"; sourceTree = "<group>"; };
		8FBA8236201C31A60056D8E8 /* PrefixHeader.pch */ = {isa = PBXFileReference; lastKnownFileType = sourcecode.c.h; path = PrefixHeader.pch; sourceTree = "<group>"; };
		8FBA8237201C323D0056D8E8 /* BaseViewController.h */ = {isa = PBXFileReference; fileEncoding = 4; lastKnownFileType = sourcecode.c.h; path = BaseViewController.h; sourceTree = "<group>"; };
		8FBA8238201C323D0056D8E8 /* BaseViewController.m */ = {isa = PBXFileReference; fileEncoding = 4; lastKnownFileType = sourcecode.c.objc; path = BaseViewController.m; sourceTree = "<group>"; };
		8FBA823A201C32960056D8E8 /* Toast.h */ = {isa = PBXFileReference; fileEncoding = 4; lastKnownFileType = sourcecode.c.h; path = Toast.h; sourceTree = "<group>"; };
		8FBA823B201C32960056D8E8 /* Toast.m */ = {isa = PBXFileReference; fileEncoding = 4; lastKnownFileType = sourcecode.c.objc; path = Toast.m; sourceTree = "<group>"; };
		8FBA823E201C32CF0056D8E8 /* NSObject+Runtime.h */ = {isa = PBXFileReference; fileEncoding = 4; lastKnownFileType = sourcecode.c.h; path = "NSObject+Runtime.h"; sourceTree = "<group>"; };
		8FBA823F201C32CF0056D8E8 /* NSObject+Runtime.m */ = {isa = PBXFileReference; fileEncoding = 4; lastKnownFileType = sourcecode.c.objc; path = "NSObject+Runtime.m"; sourceTree = "<group>"; };
		8FBA8242201C32CF0056D8E8 /* NSString+Analytics.h */ = {isa = PBXFileReference; fileEncoding = 4; lastKnownFileType = sourcecode.c.h; path = "NSString+Analytics.h"; sourceTree = "<group>"; };
		8FBA8243201C32CF0056D8E8 /* NSString+Analytics.m */ = {isa = PBXFileReference; fileEncoding = 4; lastKnownFileType = sourcecode.c.objc; path = "NSString+Analytics.m"; sourceTree = "<group>"; };
		8FBA8244201C32CF0056D8E8 /* NSString+Color.h */ = {isa = PBXFileReference; fileEncoding = 4; lastKnownFileType = sourcecode.c.h; path = "NSString+Color.h"; sourceTree = "<group>"; };
		8FBA8245201C32CF0056D8E8 /* NSString+Color.m */ = {isa = PBXFileReference; fileEncoding = 4; lastKnownFileType = sourcecode.c.objc; path = "NSString+Color.m"; sourceTree = "<group>"; };
		8FBA8246201C32CF0056D8E8 /* NSString+Extension.h */ = {isa = PBXFileReference; fileEncoding = 4; lastKnownFileType = sourcecode.c.h; path = "NSString+Extension.h"; sourceTree = "<group>"; };
		8FBA8247201C32CF0056D8E8 /* NSString+Extension.m */ = {isa = PBXFileReference; fileEncoding = 4; lastKnownFileType = sourcecode.c.objc; path = "NSString+Extension.m"; sourceTree = "<group>"; };
		8FBA8248201C32CF0056D8E8 /* NSString+InOrderSubstring.h */ = {isa = PBXFileReference; fileEncoding = 4; lastKnownFileType = sourcecode.c.h; path = "NSString+InOrderSubstring.h"; sourceTree = "<group>"; };
		8FBA8249201C32CF0056D8E8 /* NSString+InOrderSubstring.m */ = {isa = PBXFileReference; fileEncoding = 4; lastKnownFileType = sourcecode.c.objc; path = "NSString+InOrderSubstring.m"; sourceTree = "<group>"; };
		8FBA824A201C32CF0056D8E8 /* NSString+Password.h */ = {isa = PBXFileReference; fileEncoding = 4; lastKnownFileType = sourcecode.c.h; path = "NSString+Password.h"; sourceTree = "<group>"; };
		8FBA824B201C32CF0056D8E8 /* NSString+Password.m */ = {isa = PBXFileReference; fileEncoding = 4; lastKnownFileType = sourcecode.c.objc; path = "NSString+Password.m"; sourceTree = "<group>"; };
		8FBA824C201C32CF0056D8E8 /* NSString+RemoveEmoji.h */ = {isa = PBXFileReference; fileEncoding = 4; lastKnownFileType = sourcecode.c.h; path = "NSString+RemoveEmoji.h"; sourceTree = "<group>"; };
		8FBA824D201C32CF0056D8E8 /* NSString+RemoveEmoji.m */ = {isa = PBXFileReference; fileEncoding = 4; lastKnownFileType = sourcecode.c.objc; path = "NSString+RemoveEmoji.m"; sourceTree = "<group>"; };
		8FBA824E201C32CF0056D8E8 /* UIAlertView+Block.h */ = {isa = PBXFileReference; fileEncoding = 4; lastKnownFileType = sourcecode.c.h; path = "UIAlertView+Block.h"; sourceTree = "<group>"; };
		8FBA824F201C32CF0056D8E8 /* UIAlertView+Block.m */ = {isa = PBXFileReference; fileEncoding = 4; lastKnownFileType = sourcecode.c.objc; path = "UIAlertView+Block.m"; sourceTree = "<group>"; };
		8FBA8250201C32CF0056D8E8 /* UIBarButtonItem+Action.h */ = {isa = PBXFileReference; fileEncoding = 4; lastKnownFileType = sourcecode.c.h; path = "UIBarButtonItem+Action.h"; sourceTree = "<group>"; };
		8FBA8251201C32CF0056D8E8 /* UIBarButtonItem+Action.m */ = {isa = PBXFileReference; fileEncoding = 4; lastKnownFileType = sourcecode.c.objc; path = "UIBarButtonItem+Action.m"; sourceTree = "<group>"; };
		8FBA8252201C32CF0056D8E8 /* UICollectionViewCell+ReuseIdentifier.h */ = {isa = PBXFileReference; fileEncoding = 4; lastKnownFileType = sourcecode.c.h; path = "UICollectionViewCell+ReuseIdentifier.h"; sourceTree = "<group>"; };
		8FBA8253201C32CF0056D8E8 /* UICollectionViewCell+ReuseIdentifier.m */ = {isa = PBXFileReference; fileEncoding = 4; lastKnownFileType = sourcecode.c.objc; path = "UICollectionViewCell+ReuseIdentifier.m"; sourceTree = "<group>"; };
		8FBA8254201C32CF0056D8E8 /* UIColor+Addtion.h */ = {isa = PBXFileReference; fileEncoding = 4; lastKnownFileType = sourcecode.c.h; path = "UIColor+Addtion.h"; sourceTree = "<group>"; };
		8FBA8255201C32CF0056D8E8 /* UIColor+Addtion.m */ = {isa = PBXFileReference; fileEncoding = 4; lastKnownFileType = sourcecode.c.objc; path = "UIColor+Addtion.m"; sourceTree = "<group>"; };
		8FBA8256201C32CF0056D8E8 /* UIColor+Random.h */ = {isa = PBXFileReference; fileEncoding = 4; lastKnownFileType = sourcecode.c.h; path = "UIColor+Random.h"; sourceTree = "<group>"; };
		8FBA8257201C32CF0056D8E8 /* UIColor+Random.m */ = {isa = PBXFileReference; fileEncoding = 4; lastKnownFileType = sourcecode.c.objc; path = "UIColor+Random.m"; sourceTree = "<group>"; };
		8FBA8258201C32CF0056D8E8 /* UIImage+Addtion.h */ = {isa = PBXFileReference; fileEncoding = 4; lastKnownFileType = sourcecode.c.h; path = "UIImage+Addtion.h"; sourceTree = "<group>"; };
		8FBA8259201C32CF0056D8E8 /* UIImage+Addtion.m */ = {isa = PBXFileReference; fileEncoding = 4; lastKnownFileType = sourcecode.c.objc; path = "UIImage+Addtion.m"; sourceTree = "<group>"; };
		8FBA825A201C32CF0056D8E8 /* UIImage+BlurredFrame.h */ = {isa = PBXFileReference; fileEncoding = 4; lastKnownFileType = sourcecode.c.h; path = "UIImage+BlurredFrame.h"; sourceTree = "<group>"; };
		8FBA825B201C32CF0056D8E8 /* UIImage+BlurredFrame.m */ = {isa = PBXFileReference; fileEncoding = 4; lastKnownFileType = sourcecode.c.objc; path = "UIImage+BlurredFrame.m"; sourceTree = "<group>"; };
		8FBA825C201C32CF0056D8E8 /* UIImage+getImage.h */ = {isa = PBXFileReference; fileEncoding = 4; lastKnownFileType = sourcecode.c.h; path = "UIImage+getImage.h"; sourceTree = "<group>"; };
		8FBA825D201C32CF0056D8E8 /* UIImage+getImage.m */ = {isa = PBXFileReference; fileEncoding = 4; lastKnownFileType = sourcecode.c.objc; path = "UIImage+getImage.m"; sourceTree = "<group>"; };
		8FBA825E201C32CF0056D8E8 /* UIImage+ImageEffects.h */ = {isa = PBXFileReference; fileEncoding = 4; lastKnownFileType = sourcecode.c.h; path = "UIImage+ImageEffects.h"; sourceTree = "<group>"; };
		8FBA825F201C32CF0056D8E8 /* UIImage+ImageEffects.m */ = {isa = PBXFileReference; fileEncoding = 4; lastKnownFileType = sourcecode.c.objc; path = "UIImage+ImageEffects.m"; sourceTree = "<group>"; };
		8FBA8260201C32CF0056D8E8 /* UIImage+Utility.h */ = {isa = PBXFileReference; fileEncoding = 4; lastKnownFileType = sourcecode.c.h; path = "UIImage+Utility.h"; sourceTree = "<group>"; };
		8FBA8261201C32CF0056D8E8 /* UIImage+Utility.m */ = {isa = PBXFileReference; fileEncoding = 4; lastKnownFileType = sourcecode.c.objc; path = "UIImage+Utility.m"; sourceTree = "<group>"; };
		8FBA8262201C32CF0056D8E8 /* UINavigationBar+BackgroundColor.h */ = {isa = PBXFileReference; fileEncoding = 4; lastKnownFileType = sourcecode.c.h; path = "UINavigationBar+BackgroundColor.h"; sourceTree = "<group>"; };
		8FBA8263201C32CF0056D8E8 /* UINavigationBar+BackgroundColor.m */ = {isa = PBXFileReference; fileEncoding = 4; lastKnownFileType = sourcecode.c.objc; path = "UINavigationBar+BackgroundColor.m"; sourceTree = "<group>"; };
		8FBA8264201C32CF0056D8E8 /* UINavigationController+StackManager.h */ = {isa = PBXFileReference; fileEncoding = 4; lastKnownFileType = sourcecode.c.h; path = "UINavigationController+StackManager.h"; sourceTree = "<group>"; };
		8FBA8265201C32CF0056D8E8 /* UINavigationController+StackManager.m */ = {isa = PBXFileReference; fileEncoding = 4; lastKnownFileType = sourcecode.c.objc; path = "UINavigationController+StackManager.m"; sourceTree = "<group>"; };
		8FBA8266201C32CF0056D8E8 /* UITableViewCell+ReuseIdentifier.h */ = {isa = PBXFileReference; fileEncoding = 4; lastKnownFileType = sourcecode.c.h; path = "UITableViewCell+ReuseIdentifier.h"; sourceTree = "<group>"; };
		8FBA8267201C32CF0056D8E8 /* UITableViewCell+ReuseIdentifier.m */ = {isa = PBXFileReference; fileEncoding = 4; lastKnownFileType = sourcecode.c.objc; path = "UITableViewCell+ReuseIdentifier.m"; sourceTree = "<group>"; };
		8FBA8268201C32CF0056D8E8 /* UIView+findViewController.h */ = {isa = PBXFileReference; fileEncoding = 4; lastKnownFileType = sourcecode.c.h; path = "UIView+findViewController.h"; sourceTree = "<group>"; };
		8FBA8269201C32CF0056D8E8 /* UIView+findViewController.m */ = {isa = PBXFileReference; fileEncoding = 4; lastKnownFileType = sourcecode.c.objc; path = "UIView+findViewController.m"; sourceTree = "<group>"; };
		8FBA826A201C32CF0056D8E8 /* UIView+Frame.h */ = {isa = PBXFileReference; fileEncoding = 4; lastKnownFileType = sourcecode.c.h; path = "UIView+Frame.h"; sourceTree = "<group>"; };
		8FBA826B201C32CF0056D8E8 /* UIView+Frame.m */ = {isa = PBXFileReference; fileEncoding = 4; lastKnownFileType = sourcecode.c.objc; path = "UIView+Frame.m"; sourceTree = "<group>"; };
		8FBA826C201C32CF0056D8E8 /* UIView+KeyboardAnimation.h */ = {isa = PBXFileReference; fileEncoding = 4; lastKnownFileType = sourcecode.c.h; path = "UIView+KeyboardAnimation.h"; sourceTree = "<group>"; };
		8FBA826D201C32CF0056D8E8 /* UIView+KeyboardAnimation.m */ = {isa = PBXFileReference; fileEncoding = 4; lastKnownFileType = sourcecode.c.objc; path = "UIView+KeyboardAnimation.m"; sourceTree = "<group>"; };
		8FBA826E201C32CF0056D8E8 /* UIView+Screenshot.h */ = {isa = PBXFileReference; fileEncoding = 4; lastKnownFileType = sourcecode.c.h; path = "UIView+Screenshot.h"; sourceTree = "<group>"; };
		8FBA826F201C32CF0056D8E8 /* UIView+Screenshot.m */ = {isa = PBXFileReference; fileEncoding = 4; lastKnownFileType = sourcecode.c.objc; path = "UIView+Screenshot.m"; sourceTree = "<group>"; };
		8FBA8270201C32CF0056D8E8 /* UIView+Shake.h */ = {isa = PBXFileReference; fileEncoding = 4; lastKnownFileType = sourcecode.c.h; path = "UIView+Shake.h"; sourceTree = "<group>"; };
		8FBA8271201C32CF0056D8E8 /* UIView+Shake.m */ = {isa = PBXFileReference; fileEncoding = 4; lastKnownFileType = sourcecode.c.objc; path = "UIView+Shake.m"; sourceTree = "<group>"; };
		8FBA828C201C33870056D8E8 /* fnahui@3x.png */ = {isa = PBXFileReference; lastKnownFileType = image.png; path = "fnahui@3x.png"; sourceTree = "<group>"; };
		8FBA828D201C33870056D8E8 /* fnahui@2x.png */ = {isa = PBXFileReference; lastKnownFileType = image.png; path = "fnahui@2x.png"; sourceTree = "<group>"; };
		8FBA8290201C33C30056D8E8 /* BaseTableViewCell.h */ = {isa = PBXFileReference; fileEncoding = 4; lastKnownFileType = sourcecode.c.h; path = BaseTableViewCell.h; sourceTree = "<group>"; };
		8FBA8291201C33C30056D8E8 /* BaseTableViewCell.m */ = {isa = PBXFileReference; fileEncoding = 4; lastKnownFileType = sourcecode.c.objc; path = BaseTableViewCell.m; sourceTree = "<group>"; };
		8FBA8294201C34EF0056D8E8 /* HomeViewController.h */ = {isa = PBXFileReference; lastKnownFileType = sourcecode.c.h; path = HomeViewController.h; sourceTree = "<group>"; };
		8FBA8295201C34EF0056D8E8 /* HomeViewController.m */ = {isa = PBXFileReference; lastKnownFileType = sourcecode.c.objc; path = HomeViewController.m; sourceTree = "<group>"; };
		8FBA8297201C3A9A0056D8E8 /* HttpsManager.h */ = {isa = PBXFileReference; lastKnownFileType = sourcecode.c.h; path = HttpsManager.h; sourceTree = "<group>"; };
		8FBA8298201C3A9A0056D8E8 /* HttpsManager.m */ = {isa = PBXFileReference; lastKnownFileType = sourcecode.c.objc; path = HttpsManager.m; sourceTree = "<group>"; };
		8FBA829A201C42CF0056D8E8 /* MyVi.h */ = {isa = PBXFileReference; lastKnownFileType = sourcecode.c.h; path = MyVi.h; sourceTree = "<group>"; };
		8FBA829B201C42CF0056D8E8 /* MyVi.m */ = {isa = PBXFileReference; lastKnownFileType = sourcecode.c.objc; path = MyVi.m; sourceTree = "<group>"; };
		8FBA829D201C42E90056D8E8 /* My.h */ = {isa = PBXFileReference; lastKnownFileType = sourcecode.c.h; path = My.h; sourceTree = "<group>"; };
		8FBA829E201C42E90056D8E8 /* My.m */ = {isa = PBXFileReference; lastKnownFileType = sourcecode.c.objc; path = My.m; sourceTree = "<group>"; };
		8FBA82A3201D7A790056D8E8 /* GudePageVi.h */ = {isa = PBXFileReference; fileEncoding = 4; lastKnownFileType = sourcecode.c.h; path = GudePageVi.h; sourceTree = "<group>"; };
		8FBA82A4201D7A790056D8E8 /* GudePageVi.m */ = {isa = PBXFileReference; fileEncoding = 4; lastKnownFileType = sourcecode.c.objc; path = GudePageVi.m; sourceTree = "<group>"; };
		8FBA82A6201D7BEA0056D8E8 /* GudePageVi_0.png */ = {isa = PBXFileReference; lastKnownFileType = image.png; path = GudePageVi_0.png; sourceTree = "<group>"; };
		8FBA82A7201D7BEB0056D8E8 /* GudePageVi_2.png */ = {isa = PBXFileReference; lastKnownFileType = image.png; path = GudePageVi_2.png; sourceTree = "<group>"; };
		8FBA82A8201D7BEB0056D8E8 /* GudePageVi_1.png */ = {isa = PBXFileReference; lastKnownFileType = image.png; path = GudePageVi_1.png; sourceTree = "<group>"; };
		8FBA82A9201D7BEB0056D8E8 /* GudePageVi_3.png */ = {isa = PBXFileReference; lastKnownFileType = image.png; path = GudePageVi_3.png; sourceTree = "<group>"; };
		8FBA82AE201D83180056D8E8 /* LawsViewController.h */ = {isa = PBXFileReference; lastKnownFileType = sourcecode.c.h; path = LawsViewController.h; sourceTree = "<group>"; };
		8FBA82AF201D83180056D8E8 /* LawsViewController.m */ = {isa = PBXFileReference; lastKnownFileType = sourcecode.c.objc; path = LawsViewController.m; sourceTree = "<group>"; };
		8FBA82B1201D850A0056D8E8 /* Back Chevron Copy 4@2x.png */ = {isa = PBXFileReference; lastKnownFileType = image.png; path = "Back Chevron Copy 4@2x.png"; sourceTree = "<group>"; };
		8FBA82B2201D850A0056D8E8 /* Back Chevron Copy 4@3x.png */ = {isa = PBXFileReference; lastKnownFileType = image.png; path = "Back Chevron Copy 4@3x.png"; sourceTree = "<group>"; };
		8FBA82B5201D86EA0056D8E8 /* SecurityViewController.h */ = {isa = PBXFileReference; lastKnownFileType = sourcecode.c.h; path = SecurityViewController.h; sourceTree = "<group>"; };
		8FBA82B6201D86EA0056D8E8 /* SecurityViewController.m */ = {isa = PBXFileReference; lastKnownFileType = sourcecode.c.objc; path = SecurityViewController.m; sourceTree = "<group>"; };
		8FBA82B8201D8D380056D8E8 /* SearchViewController.h */ = {isa = PBXFileReference; lastKnownFileType = sourcecode.c.h; path = SearchViewController.h; sourceTree = "<group>"; };
		8FBA82B9201D8D380056D8E8 /* SearchViewController.m */ = {isa = PBXFileReference; lastKnownFileType = sourcecode.c.objc; path = SearchViewController.m; sourceTree = "<group>"; };
		8FBA82BB201D91CA0056D8E8 /* SearchTypeViewController.h */ = {isa = PBXFileReference; lastKnownFileType = sourcecode.c.h; path = SearchTypeViewController.h; sourceTree = "<group>"; };
		8FBA82BC201D91CA0056D8E8 /* SearchTypeViewController.m */ = {isa = PBXFileReference; lastKnownFileType = sourcecode.c.objc; path = SearchTypeViewController.m; sourceTree = "<group>"; };
		8FBA82BF201D92870056D8E8 /* UIView+ZWMBadge.h */ = {isa = PBXFileReference; fileEncoding = 4; lastKnownFileType = sourcecode.c.h; path = "UIView+ZWMBadge.h"; sourceTree = "<group>"; };
		8FBA82C0201D92870056D8E8 /* UIView+ZWMBadge.m */ = {isa = PBXFileReference; fileEncoding = 4; lastKnownFileType = sourcecode.c.objc; path = "UIView+ZWMBadge.m"; sourceTree = "<group>"; };
		8FBA82C1201D92870056D8E8 /* ZWMSegmentController.h */ = {isa = PBXFileReference; fileEncoding = 4; lastKnownFileType = sourcecode.c.h; path = ZWMSegmentController.h; sourceTree = "<group>"; };
		8FBA82C2201D92870056D8E8 /* ZWMSegmentController.m */ = {isa = PBXFileReference; fileEncoding = 4; lastKnownFileType = sourcecode.c.objc; path = ZWMSegmentController.m; sourceTree = "<group>"; };
		8FBA82C3201D92870056D8E8 /* ZWMSegmentView.h */ = {isa = PBXFileReference; fileEncoding = 4; lastKnownFileType = sourcecode.c.h; path = ZWMSegmentView.h; sourceTree = "<group>"; };
		8FBA82C4201D92870056D8E8 /* ZWMSegmentView.m */ = {isa = PBXFileReference; fileEncoding = 4; lastKnownFileType = sourcecode.c.objc; path = ZWMSegmentView.m; sourceTree = "<group>"; };
		8FBA82C8201DDDBA0056D8E8 /* img_three.png */ = {isa = PBXFileReference; lastKnownFileType = image.png; path = img_three.png; sourceTree = "<group>"; };
		8FBA82CA201DDDC20056D8E8 /* img_cr.png */ = {isa = PBXFileReference; lastKnownFileType = image.png; path = img_cr.png; sourceTree = "<group>"; };
		8FBA82CB201DDDC20056D8E8 /* img_logo.png */ = {isa = PBXFileReference; lastKnownFileType = image.png; path = img_logo.png; sourceTree = "<group>"; };
		8FBA82CC201DDDC20056D8E8 /* img_title.png */ = {isa = PBXFileReference; lastKnownFileType = image.png; path = img_title.png; sourceTree = "<group>"; };
		8FBA82D0201DE51B0056D8E8 /* img_banner2.png */ = {isa = PBXFileReference; lastKnownFileType = image.png; path = img_banner2.png; sourceTree = "<group>"; };
		8FBA82D1201DE51B0056D8E8 /* img_banner3.png */ = {isa = PBXFileReference; lastKnownFileType = image.png; path = img_banner3.png; sourceTree = "<group>"; };
		8FBA82D2201DE51C0056D8E8 /* img_banner1.png */ = {isa = PBXFileReference; lastKnownFileType = image.png; path = img_banner1.png; sourceTree = "<group>"; };
		8FBA82D6201DE6540056D8E8 /* ic_ss.png */ = {isa = PBXFileReference; lastKnownFileType = image.png; path = ic_ss.png; sourceTree = "<group>"; };
		8FBA82D7201DE6540056D8E8 /* ic_wh.png */ = {isa = PBXFileReference; lastKnownFileType = image.png; path = ic_wh.png; sourceTree = "<group>"; };
		8FBA82D8201DE6540056D8E8 /* ic_fhjj.png */ = {isa = PBXFileReference; lastKnownFileType = image.png; path = ic_fhjj.png; sourceTree = "<group>"; };
		8FBA82D9201DE6540056D8E8 /* ic_falv.png */ = {isa = PBXFileReference; lastKnownFileType = image.png; path = ic_falv.png; sourceTree = "<group>"; };
		8FBA82DE201DEB260056D8E8 /* ic_bz.png */ = {isa = PBXFileReference; lastKnownFileType = image.png; path = ic_bz.png; sourceTree = "<group>"; };
		8FBA82DF201DEB260056D8E8 /* ic_fg.png */ = {isa = PBXFileReference; lastKnownFileType = image.png; path = ic_fg.png; sourceTree = "<group>"; };
		8FBA82E0201DEB260056D8E8 /* ic_fl.png */ = {isa = PBXFileReference; lastKnownFileType = image.png; path = ic_fl.png; sourceTree = "<group>"; };
		8FBA82E4201DEF140056D8E8 /* img_select_divder.png */ = {isa = PBXFileReference; lastKnownFileType = image.png; path = img_select_divder.png; sourceTree = "<group>"; };
		8FBA82E6201DF04B0056D8E8 /* img_wh.png */ = {isa = PBXFileReference; lastKnownFileType = image.png; path = img_wh.png; sourceTree = "<group>"; };
		8FBA82E7201DF04B0056D8E8 /* img_yh.png */ = {isa = PBXFileReference; lastKnownFileType = image.png; path = img_yh.png; sourceTree = "<group>"; };
		8FBA82EA201DF59F0056D8E8 /* ic_search.png */ = {isa = PBXFileReference; lastKnownFileType = image.png; path = ic_search.png; sourceTree = "<group>"; };
		A44F44D8565854D668CF80E1 /* libPods-law-ios.a */ = {isa = PBXFileReference; explicitFileType = archive.ar; includeInIndex = 0; path = "libPods-law-ios.a"; sourceTree = BUILT_PRODUCTS_DIR; };
		DDA54DE6D6643C91FB445DCE /* Pods-law-ios.release.xcconfig */ = {isa = PBXFileReference; includeInIndex = 1; lastKnownFileType = text.xcconfig; name = "Pods-law-ios.release.xcconfig"; path = "Pods/Target Support Files/Pods-law-ios/Pods-law-ios.release.xcconfig"; sourceTree = "<group>"; };
/* End PBXFileReference section */

/* Begin PBXFrameworksBuildPhase section */
		42049192201B6ED6005D61B9 /* Frameworks */ = {
			isa = PBXFrameworksBuildPhase;
			buildActionMask = 2147483647;
			files = (
				602F187FB8389405F53D9F70 /* libPods-law-ios.a in Frameworks */,
			);
			runOnlyForDeploymentPostprocessing = 0;
		};
		420491AA201B6ED7005D61B9 /* Frameworks */ = {
			isa = PBXFrameworksBuildPhase;
			buildActionMask = 2147483647;
			files = (
			);
			runOnlyForDeploymentPostprocessing = 0;
		};
		420491B5201B6ED7005D61B9 /* Frameworks */ = {
			isa = PBXFrameworksBuildPhase;
			buildActionMask = 2147483647;
			files = (
			);
			runOnlyForDeploymentPostprocessing = 0;
		};
/* End PBXFrameworksBuildPhase section */

/* Begin PBXGroup section */
		4204918C201B6ED6005D61B9 = {
			isa = PBXGroup;
			children = (
				42049197201B6ED6005D61B9 /* law-ios */,
				420491B0201B6ED7005D61B9 /* law-iosTests */,
				420491BB201B6ED7005D61B9 /* law-iosUITests */,
				42049196201B6ED6005D61B9 /* Products */,
				AB1C6A4D5B8C8CE780AB0CA9 /* Pods */,
				7917D5B8FE8006CB18A8514A /* Frameworks */,
			);
			sourceTree = "<group>";
		};
		42049196201B6ED6005D61B9 /* Products */ = {
			isa = PBXGroup;
			children = (
				42049195201B6ED6005D61B9 /* law-ios.app */,
				420491AD201B6ED7005D61B9 /* law-iosTests.xctest */,
				420491B8201B6ED7005D61B9 /* law-iosUITests.xctest */,
			);
			name = Products;
			sourceTree = "<group>";
		};
		42049197201B6ED6005D61B9 /* law-ios */ = {
			isa = PBXGroup;
			children = (
				8FBA8236201C31A60056D8E8 /* PrefixHeader.pch */,
				42049198201B6ED6005D61B9 /* AppDelegate.h */,
				42049199201B6ED6005D61B9 /* AppDelegate.m */,
				8FBA8231201C31510056D8E8 /* Base */,
				8FBA8234201C31510056D8E8 /* Controller */,
				8FBA8235201C31510056D8E8 /* View */,
				8FBA8233201C31510056D8E8 /* Model */,
				8FBA8230201C31510056D8E8 /* Util */,
				8FBA8232201C31510056D8E8 /* Image */,
				4204919E201B6ED6005D61B9 /* Main.storyboard */,
				420491A1201B6ED6005D61B9 /* Assets.xcassets */,
				420491A3201B6ED6005D61B9 /* LaunchScreen.storyboard */,
				420491A6201B6ED6005D61B9 /* Info.plist */,
				420491A7201B6ED6005D61B9 /* main.m */,
			);
			path = "law-ios";
			sourceTree = "<group>";
		};
		420491B0201B6ED7005D61B9 /* law-iosTests */ = {
			isa = PBXGroup;
			children = (
				420491B1201B6ED7005D61B9 /* law_iosTests.m */,
				420491B3201B6ED7005D61B9 /* Info.plist */,
			);
			path = "law-iosTests";
			sourceTree = "<group>";
		};
		420491BB201B6ED7005D61B9 /* law-iosUITests */ = {
			isa = PBXGroup;
			children = (
				420491BC201B6ED7005D61B9 /* law_iosUITests.m */,
				420491BE201B6ED7005D61B9 /* Info.plist */,
			);
			path = "law-iosUITests";
			sourceTree = "<group>";
		};
		4207CFAA201CCD6B003650D3 /* NinaPagerView */ = {
			isa = PBXGroup;
			children = (
				4207CFAB201CCD6B003650D3 /* UIView+ViewController.m */,
				4207CFAC201CCD6B003650D3 /* NinaPagerView.m */,
				4207CFAD201CCD6B003650D3 /* NinaBaseView.m */,
				4207CFAE201CCD6B003650D3 /* UIView+ViewController.h */,
				4207CFAF201CCD6B003650D3 /* NinaPagerView.h */,
				4207CFB0201CCD6B003650D3 /* UIParameter.h */,
				4207CFB1201CCD6B003650D3 /* NinaBaseView.h */,
			);
			path = NinaPagerView;
			sourceTree = "<group>";
		};
		4207CFB5201CD054003650D3 /* Chemistry */ = {
			isa = PBXGroup;
			children = (
				4207CFB6201CD07C003650D3 /* ChemistryVC.h */,
				4207CFB7201CD07C003650D3 /* ChemistryVC.m */,
				4207CFBC201DA115003650D3 /* ConditionChooseVC.h */,
				4207CFBD201DA115003650D3 /* ConditionChooseVC.m */,
			);
			path = Chemistry;
			sourceTree = "<group>";
		};
		7917D5B8FE8006CB18A8514A /* Frameworks */ = {
			isa = PBXGroup;
			children = (
				A44F44D8565854D668CF80E1 /* libPods-law-ios.a */,
			);
			name = Frameworks;
			sourceTree = "<group>";
		};
		8FBA8230201C31510056D8E8 /* Util */ = {
			isa = PBXGroup;
			children = (
				8FBA82BE201D92870056D8E8 /* ZWMSegment */,
				8FBA823A201C32960056D8E8 /* Toast.h */,
				8FBA823B201C32960056D8E8 /* Toast.m */,
				4207CFB2201CCF60003650D3 /* TypeButtonView.h */,
				4207CFB3201CCF60003650D3 /* TypeButtonView.m */,
				4207CFB9201CD96D003650D3 /* KeyboardToolBar.h */,
				4207CFBA201CD96D003650D3 /* KeyboardToolBar.m */,
				8FBA823D201C32CF0056D8E8 /* category */,
				8FBA8297201C3A9A0056D8E8 /* HttpsManager.h */,
				8FBA8298201C3A9A0056D8E8 /* HttpsManager.m */,
			);
			path = Util;
			sourceTree = "<group>";
		};
		8FBA8231201C31510056D8E8 /* Base */ = {
			isa = PBXGroup;
			children = (
				8FBA8237201C323D0056D8E8 /* BaseViewController.h */,
				8FBA8238201C323D0056D8E8 /* BaseViewController.m */,
				8FBA8290201C33C30056D8E8 /* BaseTableViewCell.h */,
				8FBA8291201C33C30056D8E8 /* BaseTableViewCell.m */,
			);
			path = Base;
			sourceTree = "<group>";
		};
		8FBA8232201C31510056D8E8 /* Image */ = {
			isa = PBXGroup;
			children = (
				8FBA82EA201DF59F0056D8E8 /* ic_search.png */,
				8FBA82E6201DF04B0056D8E8 /* img_wh.png */,
				8FBA82E7201DF04B0056D8E8 /* img_yh.png */,
				8FBA82E4201DEF140056D8E8 /* img_select_divder.png */,
				8FBA82DE201DEB260056D8E8 /* ic_bz.png */,
				8FBA82DF201DEB260056D8E8 /* ic_fg.png */,
				8FBA82E0201DEB260056D8E8 /* ic_fl.png */,
				8FBA82D9201DE6540056D8E8 /* ic_falv.png */,
				8FBA82D8201DE6540056D8E8 /* ic_fhjj.png */,
				8FBA82D6201DE6540056D8E8 /* ic_ss.png */,
				8FBA82D7201DE6540056D8E8 /* ic_wh.png */,
				8FBA82D2201DE51C0056D8E8 /* img_banner1.png */,
				8FBA82D0201DE51B0056D8E8 /* img_banner2.png */,
				8FBA82D1201DE51B0056D8E8 /* img_banner3.png */,
				8FBA82CA201DDDC20056D8E8 /* img_cr.png */,
				8FBA82CB201DDDC20056D8E8 /* img_logo.png */,
				8FBA82CC201DDDC20056D8E8 /* img_title.png */,
				8FBA82C8201DDDBA0056D8E8 /* img_three.png */,
				8FBA82B1201D850A0056D8E8 /* Back Chevron Copy 4@2x.png */,
				8FBA82B2201D850A0056D8E8 /* Back Chevron Copy 4@3x.png */,
				8FBA82A6201D7BEA0056D8E8 /* GudePageVi_0.png */,
				8FBA82A8201D7BEB0056D8E8 /* GudePageVi_1.png */,
				8FBA82A7201D7BEB0056D8E8 /* GudePageVi_2.png */,
				8FBA82A9201D7BEB0056D8E8 /* GudePageVi_3.png */,
				8FBA828D201C33870056D8E8 /* fnahui@2x.png */,
				8FBA828C201C33870056D8E8 /* fnahui@3x.png */,
			);
			path = Image;
			sourceTree = "<group>";
		};
		8FBA8233201C31510056D8E8 /* Model */ = {
			isa = PBXGroup;
			children = (
				8FBA829D201C42E90056D8E8 /* My.h */,
				8FBA829E201C42E90056D8E8 /* My.m */,
			);
			path = Model;
			sourceTree = "<group>";
		};
		8FBA8234201C31510056D8E8 /* Controller */ = {
			isa = PBXGroup;
			children = (
				4207CFB5201CD054003650D3 /* Chemistry */,
				8FBA8294201C34EF0056D8E8 /* HomeViewController.h */,
				8FBA8295201C34EF0056D8E8 /* HomeViewController.m */,
				8FBA82AE201D83180056D8E8 /* LawsViewController.h */,
				8FBA82AF201D83180056D8E8 /* LawsViewController.m */,
				8FBA82B5201D86EA0056D8E8 /* SecurityViewController.h */,
				8FBA82B6201D86EA0056D8E8 /* SecurityViewController.m */,
				8FBA82B8201D8D380056D8E8 /* SearchViewController.h */,
				8FBA82B9201D8D380056D8E8 /* SearchViewController.m */,
				8FBA82BB201D91CA0056D8E8 /* SearchTypeViewController.h */,
				8FBA82BC201D91CA0056D8E8 /* SearchTypeViewController.m */,
			);
			path = Controller;
			sourceTree = "<group>";
		};
		8FBA8235201C31510056D8E8 /* View */ = {
			isa = PBXGroup;
			children = (
				4207CFAA201CCD6B003650D3 /* NinaPagerView */,
				8FBA82A3201D7A790056D8E8 /* GudePageVi.h */,
				8FBA82A4201D7A790056D8E8 /* GudePageVi.m */,
				8FBA829A201C42CF0056D8E8 /* MyVi.h */,
				8FBA829B201C42CF0056D8E8 /* MyVi.m */,
			);
			path = View;
			sourceTree = "<group>";
		};
		8FBA823D201C32CF0056D8E8 /* category */ = {
			isa = PBXGroup;
			children = (
				8FBA823E201C32CF0056D8E8 /* NSObject+Runtime.h */,
				8FBA823F201C32CF0056D8E8 /* NSObject+Runtime.m */,
				8FBA8242201C32CF0056D8E8 /* NSString+Analytics.h */,
				8FBA8243201C32CF0056D8E8 /* NSString+Analytics.m */,
				8FBA8244201C32CF0056D8E8 /* NSString+Color.h */,
				8FBA8245201C32CF0056D8E8 /* NSString+Color.m */,
				8FBA8246201C32CF0056D8E8 /* NSString+Extension.h */,
				8FBA8247201C32CF0056D8E8 /* NSString+Extension.m */,
				8FBA8248201C32CF0056D8E8 /* NSString+InOrderSubstring.h */,
				8FBA8249201C32CF0056D8E8 /* NSString+InOrderSubstring.m */,
				8FBA824A201C32CF0056D8E8 /* NSString+Password.h */,
				8FBA824B201C32CF0056D8E8 /* NSString+Password.m */,
				8FBA824C201C32CF0056D8E8 /* NSString+RemoveEmoji.h */,
				8FBA824D201C32CF0056D8E8 /* NSString+RemoveEmoji.m */,
				8FBA824E201C32CF0056D8E8 /* UIAlertView+Block.h */,
				8FBA824F201C32CF0056D8E8 /* UIAlertView+Block.m */,
				8FBA8250201C32CF0056D8E8 /* UIBarButtonItem+Action.h */,
				8FBA8251201C32CF0056D8E8 /* UIBarButtonItem+Action.m */,
				8FBA8252201C32CF0056D8E8 /* UICollectionViewCell+ReuseIdentifier.h */,
				8FBA8253201C32CF0056D8E8 /* UICollectionViewCell+ReuseIdentifier.m */,
				8FBA8254201C32CF0056D8E8 /* UIColor+Addtion.h */,
				8FBA8255201C32CF0056D8E8 /* UIColor+Addtion.m */,
				8FBA8256201C32CF0056D8E8 /* UIColor+Random.h */,
				8FBA8257201C32CF0056D8E8 /* UIColor+Random.m */,
				8FBA8258201C32CF0056D8E8 /* UIImage+Addtion.h */,
				8FBA8259201C32CF0056D8E8 /* UIImage+Addtion.m */,
				8FBA825A201C32CF0056D8E8 /* UIImage+BlurredFrame.h */,
				8FBA825B201C32CF0056D8E8 /* UIImage+BlurredFrame.m */,
				8FBA825C201C32CF0056D8E8 /* UIImage+getImage.h */,
				8FBA825D201C32CF0056D8E8 /* UIImage+getImage.m */,
				8FBA825E201C32CF0056D8E8 /* UIImage+ImageEffects.h */,
				8FBA825F201C32CF0056D8E8 /* UIImage+ImageEffects.m */,
				8FBA8260201C32CF0056D8E8 /* UIImage+Utility.h */,
				8FBA8261201C32CF0056D8E8 /* UIImage+Utility.m */,
				8FBA8262201C32CF0056D8E8 /* UINavigationBar+BackgroundColor.h */,
				8FBA8263201C32CF0056D8E8 /* UINavigationBar+BackgroundColor.m */,
				8FBA8264201C32CF0056D8E8 /* UINavigationController+StackManager.h */,
				8FBA8265201C32CF0056D8E8 /* UINavigationController+StackManager.m */,
				8FBA8266201C32CF0056D8E8 /* UITableViewCell+ReuseIdentifier.h */,
				8FBA8267201C32CF0056D8E8 /* UITableViewCell+ReuseIdentifier.m */,
				8FBA8268201C32CF0056D8E8 /* UIView+findViewController.h */,
				8FBA8269201C32CF0056D8E8 /* UIView+findViewController.m */,
				8FBA826A201C32CF0056D8E8 /* UIView+Frame.h */,
				8FBA826B201C32CF0056D8E8 /* UIView+Frame.m */,
				8FBA826C201C32CF0056D8E8 /* UIView+KeyboardAnimation.h */,
				8FBA826D201C32CF0056D8E8 /* UIView+KeyboardAnimation.m */,
				8FBA826E201C32CF0056D8E8 /* UIView+Screenshot.h */,
				8FBA826F201C32CF0056D8E8 /* UIView+Screenshot.m */,
				8FBA8270201C32CF0056D8E8 /* UIView+Shake.h */,
				8FBA8271201C32CF0056D8E8 /* UIView+Shake.m */,
			);
			path = category;
			sourceTree = "<group>";
		};
		8FBA82BE201D92870056D8E8 /* ZWMSegment */ = {
			isa = PBXGroup;
			children = (
				8FBA82BF201D92870056D8E8 /* UIView+ZWMBadge.h */,
				8FBA82C0201D92870056D8E8 /* UIView+ZWMBadge.m */,
				8FBA82C1201D92870056D8E8 /* ZWMSegmentController.h */,
				8FBA82C2201D92870056D8E8 /* ZWMSegmentController.m */,
				8FBA82C3201D92870056D8E8 /* ZWMSegmentView.h */,
				8FBA82C4201D92870056D8E8 /* ZWMSegmentView.m */,
			);
			path = ZWMSegment;
			sourceTree = "<group>";
		};
		AB1C6A4D5B8C8CE780AB0CA9 /* Pods */ = {
			isa = PBXGroup;
			children = (
				8449870E72FC7864B279328A /* Pods-law-ios.debug.xcconfig */,
				DDA54DE6D6643C91FB445DCE /* Pods-law-ios.release.xcconfig */,
			);
			name = Pods;
			sourceTree = "<group>";
		};
/* End PBXGroup section */

/* Begin PBXNativeTarget section */
		42049194201B6ED6005D61B9 /* law-ios */ = {
			isa = PBXNativeTarget;
			buildConfigurationList = 420491C1201B6ED7005D61B9 /* Build configuration list for PBXNativeTarget "law-ios" */;
			buildPhases = (
				6CDB5B45BFF7B274365974FE /* [CP] Check Pods Manifest.lock */,
				42049191201B6ED6005D61B9 /* Sources */,
				42049192201B6ED6005D61B9 /* Frameworks */,
				42049193201B6ED6005D61B9 /* Resources */,
				6D68AE67B029F28A440A1581 /* [CP] Embed Pods Frameworks */,
				4BFAD266C72F3EF08F3AF486 /* [CP] Copy Pods Resources */,
			);
			buildRules = (
			);
			dependencies = (
			);
			name = "law-ios";
			productName = "law-ios";
			productReference = 42049195201B6ED6005D61B9 /* law-ios.app */;
			productType = "com.apple.product-type.application";
		};
		420491AC201B6ED7005D61B9 /* law-iosTests */ = {
			isa = PBXNativeTarget;
			buildConfigurationList = 420491C4201B6ED7005D61B9 /* Build configuration list for PBXNativeTarget "law-iosTests" */;
			buildPhases = (
				420491A9201B6ED7005D61B9 /* Sources */,
				420491AA201B6ED7005D61B9 /* Frameworks */,
				420491AB201B6ED7005D61B9 /* Resources */,
			);
			buildRules = (
			);
			dependencies = (
				420491AF201B6ED7005D61B9 /* PBXTargetDependency */,
			);
			name = "law-iosTests";
			productName = "law-iosTests";
			productReference = 420491AD201B6ED7005D61B9 /* law-iosTests.xctest */;
			productType = "com.apple.product-type.bundle.unit-test";
		};
		420491B7201B6ED7005D61B9 /* law-iosUITests */ = {
			isa = PBXNativeTarget;
			buildConfigurationList = 420491C7201B6ED7005D61B9 /* Build configuration list for PBXNativeTarget "law-iosUITests" */;
			buildPhases = (
				420491B4201B6ED7005D61B9 /* Sources */,
				420491B5201B6ED7005D61B9 /* Frameworks */,
				420491B6201B6ED7005D61B9 /* Resources */,
			);
			buildRules = (
			);
			dependencies = (
				420491BA201B6ED7005D61B9 /* PBXTargetDependency */,
			);
			name = "law-iosUITests";
			productName = "law-iosUITests";
			productReference = 420491B8201B6ED7005D61B9 /* law-iosUITests.xctest */;
			productType = "com.apple.product-type.bundle.ui-testing";
		};
/* End PBXNativeTarget section */

/* Begin PBXProject section */
		4204918D201B6ED6005D61B9 /* Project object */ = {
			isa = PBXProject;
			attributes = {
				LastUpgradeCheck = 0900;
				ORGANIZATIONNAME = app.demo;
				TargetAttributes = {
					42049194201B6ED6005D61B9 = {
						CreatedOnToolsVersion = 9.0;
						ProvisioningStyle = Automatic;
					};
					420491AC201B6ED7005D61B9 = {
						CreatedOnToolsVersion = 9.0;
						ProvisioningStyle = Automatic;
						TestTargetID = 42049194201B6ED6005D61B9;
					};
					420491B7201B6ED7005D61B9 = {
						CreatedOnToolsVersion = 9.0;
						ProvisioningStyle = Automatic;
						TestTargetID = 42049194201B6ED6005D61B9;
					};
				};
			};
			buildConfigurationList = 42049190201B6ED6005D61B9 /* Build configuration list for PBXProject "law-ios" */;
			compatibilityVersion = "Xcode 8.0";
			developmentRegion = en;
			hasScannedForEncodings = 0;
			knownRegions = (
				en,
				Base,
			);
			mainGroup = 4204918C201B6ED6005D61B9;
			productRefGroup = 42049196201B6ED6005D61B9 /* Products */;
			projectDirPath = "";
			projectRoot = "";
			targets = (
				42049194201B6ED6005D61B9 /* law-ios */,
				420491AC201B6ED7005D61B9 /* law-iosTests */,
				420491B7201B6ED7005D61B9 /* law-iosUITests */,
			);
		};
/* End PBXProject section */

/* Begin PBXResourcesBuildPhase section */
		42049193201B6ED6005D61B9 /* Resources */ = {
			isa = PBXResourcesBuildPhase;
			buildActionMask = 2147483647;
			files = (
				420491A5201B6ED6005D61B9 /* LaunchScreen.storyboard in Resources */,
				8FBA82D5201DE51C0056D8E8 /* img_banner1.png in Resources */,
				8FBA82AB201D7BEB0056D8E8 /* GudePageVi_2.png in Resources */,
				8FBA82EB201DF5A00056D8E8 /* ic_search.png in Resources */,
				420491A2201B6ED6005D61B9 /* Assets.xcassets in Resources */,
				8FBA828E201C33870056D8E8 /* fnahui@3x.png in Resources */,
				8FBA82E3201DEB260056D8E8 /* ic_fl.png in Resources */,
				8FBA82C9201DDDBA0056D8E8 /* img_three.png in Resources */,
				8FBA82DD201DE6540056D8E8 /* ic_falv.png in Resources */,
				8FBA82B3201D850A0056D8E8 /* Back Chevron Copy 4@2x.png in Resources */,
				8FBA82D3201DE51C0056D8E8 /* img_banner2.png in Resources */,
				8FBA82E9201DF04C0056D8E8 /* img_yh.png in Resources */,
				8FBA82D4201DE51C0056D8E8 /* img_banner3.png in Resources */,
				8FBA82DC201DE6540056D8E8 /* ic_fhjj.png in Resources */,
				8FBA82CF201DDDC30056D8E8 /* img_title.png in Resources */,
				8FBA82B4201D850A0056D8E8 /* Back Chevron Copy 4@3x.png in Resources */,
				8FBA82AC201D7BEB0056D8E8 /* GudePageVi_1.png in Resources */,
				8FBA82AD201D7BEB0056D8E8 /* GudePageVi_3.png in Resources */,
				8FBA82DA201DE6540056D8E8 /* ic_ss.png in Resources */,
				8FBA82E8201DF04C0056D8E8 /* img_wh.png in Resources */,
				8FBA828F201C33870056D8E8 /* fnahui@2x.png in Resources */,
				8FBA82CE201DDDC30056D8E8 /* img_logo.png in Resources */,
				8FBA82E5201DEF150056D8E8 /* img_select_divder.png in Resources */,
				8FBA82E1201DEB260056D8E8 /* ic_bz.png in Resources */,
				420491A0201B6ED6005D61B9 /* Main.storyboard in Resources */,
				8FBA82E2201DEB260056D8E8 /* ic_fg.png in Resources */,
				8FBA82AA201D7BEB0056D8E8 /* GudePageVi_0.png in Resources */,
				8FBA82DB201DE6540056D8E8 /* ic_wh.png in Resources */,
				8FBA82CD201DDDC30056D8E8 /* img_cr.png in Resources */,
			);
			runOnlyForDeploymentPostprocessing = 0;
		};
		420491AB201B6ED7005D61B9 /* Resources */ = {
			isa = PBXResourcesBuildPhase;
			buildActionMask = 2147483647;
			files = (
			);
			runOnlyForDeploymentPostprocessing = 0;
		};
		420491B6201B6ED7005D61B9 /* Resources */ = {
			isa = PBXResourcesBuildPhase;
			buildActionMask = 2147483647;
			files = (
			);
			runOnlyForDeploymentPostprocessing = 0;
		};
/* End PBXResourcesBuildPhase section */

/* Begin PBXShellScriptBuildPhase section */
		4BFAD266C72F3EF08F3AF486 /* [CP] Copy Pods Resources */ = {
			isa = PBXShellScriptBuildPhase;
			buildActionMask = 2147483647;
			files = (
			);
			inputPaths = (
				"${SRCROOT}/Pods/Target Support Files/Pods-law-ios/Pods-law-ios-resources.sh",
				"${PODS_ROOT}/MJRefresh/MJRefresh/MJRefresh.bundle",
				"${PODS_ROOT}/SVProgressHUD/SVProgressHUD/SVProgressHUD.bundle",
				"${PODS_ROOT}/XHImageViewer/Source/Resources/1_1280x800-1.jpeg",
				"${PODS_ROOT}/XHImageViewer/Source/Resources/1_1280x800.jpeg",
				"${PODS_ROOT}/XHImageViewer/Source/Resources/4_1366x768.jpeg",
				"${PODS_ROOT}/XHImageViewer/Source/Resources/5_1280x800.jpeg",
				"${PODS_ROOT}/XHImageViewer/Source/Resources/placeholder.jpeg",
			);
			name = "[CP] Copy Pods Resources";
			outputPaths = (
				"${TARGET_BUILD_DIR}/${UNLOCALIZED_RESOURCES_FOLDER_PATH}/MJRefresh.bundle",
				"${TARGET_BUILD_DIR}/${UNLOCALIZED_RESOURCES_FOLDER_PATH}/SVProgressHUD.bundle",
				"${TARGET_BUILD_DIR}/${UNLOCALIZED_RESOURCES_FOLDER_PATH}/1_1280x800-1.jpeg",
				"${TARGET_BUILD_DIR}/${UNLOCALIZED_RESOURCES_FOLDER_PATH}/1_1280x800.jpeg",
				"${TARGET_BUILD_DIR}/${UNLOCALIZED_RESOURCES_FOLDER_PATH}/4_1366x768.jpeg",
				"${TARGET_BUILD_DIR}/${UNLOCALIZED_RESOURCES_FOLDER_PATH}/5_1280x800.jpeg",
				"${TARGET_BUILD_DIR}/${UNLOCALIZED_RESOURCES_FOLDER_PATH}/placeholder.jpeg",
			);
			runOnlyForDeploymentPostprocessing = 0;
			shellPath = /bin/sh;
			shellScript = "\"${SRCROOT}/Pods/Target Support Files/Pods-law-ios/Pods-law-ios-resources.sh\"\n";
			showEnvVarsInLog = 0;
		};
		6CDB5B45BFF7B274365974FE /* [CP] Check Pods Manifest.lock */ = {
			isa = PBXShellScriptBuildPhase;
			buildActionMask = 2147483647;
			files = (
			);
			inputPaths = (
				"${PODS_PODFILE_DIR_PATH}/Podfile.lock",
				"${PODS_ROOT}/Manifest.lock",
			);
			name = "[CP] Check Pods Manifest.lock";
			outputPaths = (
				"$(DERIVED_FILE_DIR)/Pods-law-ios-checkManifestLockResult.txt",
			);
			runOnlyForDeploymentPostprocessing = 0;
			shellPath = /bin/sh;
			shellScript = "diff \"${PODS_PODFILE_DIR_PATH}/Podfile.lock\" \"${PODS_ROOT}/Manifest.lock\" > /dev/null\nif [ $? != 0 ] ; then\n    # print error to STDERR\n    echo \"error: The sandbox is not in sync with the Podfile.lock. Run 'pod install' or update your CocoaPods installation.\" >&2\n    exit 1\nfi\n# This output is used by Xcode 'outputs' to avoid re-running this script phase.\necho \"SUCCESS\" > \"${SCRIPT_OUTPUT_FILE_0}\"\n";
			showEnvVarsInLog = 0;
		};
		6D68AE67B029F28A440A1581 /* [CP] Embed Pods Frameworks */ = {
			isa = PBXShellScriptBuildPhase;
			buildActionMask = 2147483647;
			files = (
			);
			inputPaths = (
			);
			name = "[CP] Embed Pods Frameworks";
			outputPaths = (
			);
			runOnlyForDeploymentPostprocessing = 0;
			shellPath = /bin/sh;
			shellScript = "\"${SRCROOT}/Pods/Target Support Files/Pods-law-ios/Pods-law-ios-frameworks.sh\"\n";
			showEnvVarsInLog = 0;
		};
/* End PBXShellScriptBuildPhase section */

/* Begin PBXSourcesBuildPhase section */
		42049191201B6ED6005D61B9 /* Sources */ = {
			isa = PBXSourcesBuildPhase;
			buildActionMask = 2147483647;
			files = (
				8FBA829C201C42CF0056D8E8 /* MyVi.m in Sources */,
				8FBA82BD201D91CA0056D8E8 /* SearchTypeViewController.m in Sources */,
				8FBA8292201C33C30056D8E8 /* BaseTableViewCell.m in Sources */,
				8FBA8280201C32CF0056D8E8 /* UIImage+BlurredFrame.m in Sources */,
				8FBA828A201C32CF0056D8E8 /* UIView+Screenshot.m in Sources */,
				8FBA8284201C32CF0056D8E8 /* UINavigationBar+BackgroundColor.m in Sources */,
				4207CFB8201CD07C003650D3 /* ChemistryVC.m in Sources */,
				8FBA828B201C32CF0056D8E8 /* UIView+Shake.m in Sources */,
				8FBA82BA201D8D380056D8E8 /* SearchViewController.m in Sources */,
				8FBA827C201C32CF0056D8E8 /* UICollectionViewCell+ReuseIdentifier.m in Sources */,
				8FBA8282201C32CF0056D8E8 /* UIImage+ImageEffects.m in Sources */,
				8FBA827F201C32CF0056D8E8 /* UIImage+Addtion.m in Sources */,
				420491A8201B6ED6005D61B9 /* main.m in Sources */,
				8FBA8289201C32CF0056D8E8 /* UIView+KeyboardAnimation.m in Sources */,
				8FBA8281201C32CF0056D8E8 /* UIImage+getImage.m in Sources */,
				8FBA827E201C32CF0056D8E8 /* UIColor+Random.m in Sources */,
				8FBA8272201C32CF0056D8E8 /* NSObject+Runtime.m in Sources */,
				8FBA8274201C32CF0056D8E8 /* NSString+Analytics.m in Sources */,
				8FBA82C5201D92870056D8E8 /* UIView+ZWMBadge.m in Sources */,
				8FBA8287201C32CF0056D8E8 /* UIView+findViewController.m in Sources */,
				8FBA823C201C32970056D8E8 /* Toast.m in Sources */,
				8FBA829F201C42E90056D8E8 /* My.m in Sources */,
				8FBA8278201C32CF0056D8E8 /* NSString+Password.m in Sources */,
				4207CFBE201DA115003650D3 /* ConditionChooseVC.m in Sources */,
				8FBA827D201C32CF0056D8E8 /* UIColor+Addtion.m in Sources */,
				8FBA8279201C32CF0056D8E8 /* NSString+RemoveEmoji.m in Sources */,
				8FBA8277201C32CF0056D8E8 /* NSString+InOrderSubstring.m in Sources */,
				8FBA82B7201D86EA0056D8E8 /* SecurityViewController.m in Sources */,
				8FBA827B201C32CF0056D8E8 /* UIBarButtonItem+Action.m in Sources */,
				4207CFBB201CD96D003650D3 /* KeyboardToolBar.m in Sources */,
				8FBA82C6201D92870056D8E8 /* ZWMSegmentController.m in Sources */,
				8FBA8275201C32CF0056D8E8 /* NSString+Color.m in Sources */,
				8FBA827A201C32CF0056D8E8 /* UIAlertView+Block.m in Sources */,
				8FBA82B0201D83180056D8E8 /* LawsViewController.m in Sources */,
				8FBA8299201C3A9A0056D8E8 /* HttpsManager.m in Sources */,
				8FBA8239201C323E0056D8E8 /* BaseViewController.m in Sources */,
				8FBA82C7201D92870056D8E8 /* ZWMSegmentView.m in Sources */,
				8FBA82A5201D7A790056D8E8 /* GudePageVi.m in Sources */,
				8FBA8288201C32CF0056D8E8 /* UIView+Frame.m in Sources */,
				8FBA8276201C32CF0056D8E8 /* NSString+Extension.m in Sources */,
				8FBA8283201C32CF0056D8E8 /* UIImage+Utility.m in Sources */,
				8FBA8285201C32CF0056D8E8 /* UINavigationController+StackManager.m in Sources */,
				4207CFB4201CCF60003650D3 /* TypeButtonView.m in Sources */,
				8FBA8296201C34EF0056D8E8 /* HomeViewController.m in Sources */,
				8FBA8286201C32CF0056D8E8 /* UITableViewCell+ReuseIdentifier.m in Sources */,
				4204919A201B6ED6005D61B9 /* AppDelegate.m in Sources */,
			);
			runOnlyForDeploymentPostprocessing = 0;
		};
		420491A9201B6ED7005D61B9 /* Sources */ = {
			isa = PBXSourcesBuildPhase;
			buildActionMask = 2147483647;
			files = (
				420491B2201B6ED7005D61B9 /* law_iosTests.m in Sources */,
			);
			runOnlyForDeploymentPostprocessing = 0;
		};
		420491B4201B6ED7005D61B9 /* Sources */ = {
			isa = PBXSourcesBuildPhase;
			buildActionMask = 2147483647;
			files = (
				420491BD201B6ED7005D61B9 /* law_iosUITests.m in Sources */,
			);
			runOnlyForDeploymentPostprocessing = 0;
		};
/* End PBXSourcesBuildPhase section */

/* Begin PBXTargetDependency section */
		420491AF201B6ED7005D61B9 /* PBXTargetDependency */ = {
			isa = PBXTargetDependency;
			target = 42049194201B6ED6005D61B9 /* law-ios */;
			targetProxy = 420491AE201B6ED7005D61B9 /* PBXContainerItemProxy */;
		};
		420491BA201B6ED7005D61B9 /* PBXTargetDependency */ = {
			isa = PBXTargetDependency;
			target = 42049194201B6ED6005D61B9 /* law-ios */;
			targetProxy = 420491B9201B6ED7005D61B9 /* PBXContainerItemProxy */;
		};
/* End PBXTargetDependency section */

/* Begin PBXVariantGroup section */
		4204919E201B6ED6005D61B9 /* Main.storyboard */ = {
			isa = PBXVariantGroup;
			children = (
				4204919F201B6ED6005D61B9 /* Base */,
			);
			name = Main.storyboard;
			sourceTree = "<group>";
		};
		420491A3201B6ED6005D61B9 /* LaunchScreen.storyboard */ = {
			isa = PBXVariantGroup;
			children = (
				420491A4201B6ED6005D61B9 /* Base */,
			);
			name = LaunchScreen.storyboard;
			sourceTree = "<group>";
		};
/* End PBXVariantGroup section */

/* Begin XCBuildConfiguration section */
		420491BF201B6ED7005D61B9 /* Debug */ = {
			isa = XCBuildConfiguration;
			buildSettings = {
				ALWAYS_SEARCH_USER_PATHS = NO;
				CLANG_ANALYZER_NONNULL = YES;
				CLANG_ANALYZER_NUMBER_OBJECT_CONVERSION = YES_AGGRESSIVE;
				CLANG_CXX_LANGUAGE_STANDARD = "gnu++14";
				CLANG_CXX_LIBRARY = "libc++";
				CLANG_ENABLE_MODULES = YES;
				CLANG_ENABLE_OBJC_ARC = YES;
				CLANG_WARN_BLOCK_CAPTURE_AUTORELEASING = YES;
				CLANG_WARN_BOOL_CONVERSION = YES;
				CLANG_WARN_COMMA = YES;
				CLANG_WARN_CONSTANT_CONVERSION = YES;
				CLANG_WARN_DIRECT_OBJC_ISA_USAGE = YES_ERROR;
				CLANG_WARN_DOCUMENTATION_COMMENTS = YES;
				CLANG_WARN_EMPTY_BODY = YES;
				CLANG_WARN_ENUM_CONVERSION = YES;
				CLANG_WARN_INFINITE_RECURSION = YES;
				CLANG_WARN_INT_CONVERSION = YES;
				CLANG_WARN_NON_LITERAL_NULL_CONVERSION = YES;
				CLANG_WARN_OBJC_LITERAL_CONVERSION = YES;
				CLANG_WARN_OBJC_ROOT_CLASS = YES_ERROR;
				CLANG_WARN_RANGE_LOOP_ANALYSIS = YES;
				CLANG_WARN_STRICT_PROTOTYPES = YES;
				CLANG_WARN_SUSPICIOUS_MOVE = YES;
				CLANG_WARN_UNGUARDED_AVAILABILITY = YES_AGGRESSIVE;
				CLANG_WARN_UNREACHABLE_CODE = YES;
				CLANG_WARN__DUPLICATE_METHOD_MATCH = YES;
				CODE_SIGN_IDENTITY = "iPhone Developer";
				COPY_PHASE_STRIP = NO;
				DEBUG_INFORMATION_FORMAT = dwarf;
				ENABLE_STRICT_OBJC_MSGSEND = YES;
				ENABLE_TESTABILITY = YES;
				GCC_C_LANGUAGE_STANDARD = gnu11;
				GCC_DYNAMIC_NO_PIC = NO;
				GCC_NO_COMMON_BLOCKS = YES;
				GCC_OPTIMIZATION_LEVEL = 0;
				GCC_PREPROCESSOR_DEFINITIONS = (
					"DEBUG=1",
					"$(inherited)",
				);
				GCC_WARN_64_TO_32_BIT_CONVERSION = YES;
				GCC_WARN_ABOUT_RETURN_TYPE = YES_ERROR;
				GCC_WARN_UNDECLARED_SELECTOR = YES;
				GCC_WARN_UNINITIALIZED_AUTOS = YES_AGGRESSIVE;
				GCC_WARN_UNUSED_FUNCTION = YES;
				GCC_WARN_UNUSED_VARIABLE = YES;
				IPHONEOS_DEPLOYMENT_TARGET = 11.0;
				MTL_ENABLE_DEBUG_INFO = YES;
				ONLY_ACTIVE_ARCH = YES;
				SDKROOT = iphoneos;
			};
			name = Debug;
		};
		420491C0201B6ED7005D61B9 /* Release */ = {
			isa = XCBuildConfiguration;
			buildSettings = {
				ALWAYS_SEARCH_USER_PATHS = NO;
				CLANG_ANALYZER_NONNULL = YES;
				CLANG_ANALYZER_NUMBER_OBJECT_CONVERSION = YES_AGGRESSIVE;
				CLANG_CXX_LANGUAGE_STANDARD = "gnu++14";
				CLANG_CXX_LIBRARY = "libc++";
				CLANG_ENABLE_MODULES = YES;
				CLANG_ENABLE_OBJC_ARC = YES;
				CLANG_WARN_BLOCK_CAPTURE_AUTORELEASING = YES;
				CLANG_WARN_BOOL_CONVERSION = YES;
				CLANG_WARN_COMMA = YES;
				CLANG_WARN_CONSTANT_CONVERSION = YES;
				CLANG_WARN_DIRECT_OBJC_ISA_USAGE = YES_ERROR;
				CLANG_WARN_DOCUMENTATION_COMMENTS = YES;
				CLANG_WARN_EMPTY_BODY = YES;
				CLANG_WARN_ENUM_CONVERSION = YES;
				CLANG_WARN_INFINITE_RECURSION = YES;
				CLANG_WARN_INT_CONVERSION = YES;
				CLANG_WARN_NON_LITERAL_NULL_CONVERSION = YES;
				CLANG_WARN_OBJC_LITERAL_CONVERSION = YES;
				CLANG_WARN_OBJC_ROOT_CLASS = YES_ERROR;
				CLANG_WARN_RANGE_LOOP_ANALYSIS = YES;
				CLANG_WARN_STRICT_PROTOTYPES = YES;
				CLANG_WARN_SUSPICIOUS_MOVE = YES;
				CLANG_WARN_UNGUARDED_AVAILABILITY = YES_AGGRESSIVE;
				CLANG_WARN_UNREACHABLE_CODE = YES;
				CLANG_WARN__DUPLICATE_METHOD_MATCH = YES;
				CODE_SIGN_IDENTITY = "iPhone Developer";
				COPY_PHASE_STRIP = NO;
				DEBUG_INFORMATION_FORMAT = "dwarf-with-dsym";
				ENABLE_NS_ASSERTIONS = NO;
				ENABLE_STRICT_OBJC_MSGSEND = YES;
				GCC_C_LANGUAGE_STANDARD = gnu11;
				GCC_NO_COMMON_BLOCKS = YES;
				GCC_WARN_64_TO_32_BIT_CONVERSION = YES;
				GCC_WARN_ABOUT_RETURN_TYPE = YES_ERROR;
				GCC_WARN_UNDECLARED_SELECTOR = YES;
				GCC_WARN_UNINITIALIZED_AUTOS = YES_AGGRESSIVE;
				GCC_WARN_UNUSED_FUNCTION = YES;
				GCC_WARN_UNUSED_VARIABLE = YES;
				IPHONEOS_DEPLOYMENT_TARGET = 11.0;
				MTL_ENABLE_DEBUG_INFO = NO;
				SDKROOT = iphoneos;
				VALIDATE_PRODUCT = YES;
			};
			name = Release;
		};
		420491C2201B6ED7005D61B9 /* Debug */ = {
			isa = XCBuildConfiguration;
			baseConfigurationReference = 8449870E72FC7864B279328A /* Pods-law-ios.debug.xcconfig */;
			buildSettings = {
				ASSETCATALOG_COMPILER_APPICON_NAME = AppIcon;
				CODE_SIGN_STYLE = Automatic;
				GCC_PREFIX_HEADER = "$(SRCROOT)/law-ios/PrefixHeader.pch";
				INFOPLIST_FILE = "law-ios/Info.plist";
				IPHONEOS_DEPLOYMENT_TARGET = 10.0;
				LD_RUNPATH_SEARCH_PATHS = "$(inherited) @executable_path/Frameworks";
				PRODUCT_BUNDLE_IDENTIFIER = "com.app.law-ios";
				PRODUCT_NAME = "$(TARGET_NAME)";
				TARGETED_DEVICE_FAMILY = "1,2";
			};
			name = Debug;
		};
		420491C3201B6ED7005D61B9 /* Release */ = {
			isa = XCBuildConfiguration;
			baseConfigurationReference = DDA54DE6D6643C91FB445DCE /* Pods-law-ios.release.xcconfig */;
			buildSettings = {
				ASSETCATALOG_COMPILER_APPICON_NAME = AppIcon;
				CODE_SIGN_STYLE = Automatic;
				GCC_PREFIX_HEADER = "$(SRCROOT)/law-ios/PrefixHeader.pch";
				INFOPLIST_FILE = "law-ios/Info.plist";
				IPHONEOS_DEPLOYMENT_TARGET = 10.0;
				LD_RUNPATH_SEARCH_PATHS = "$(inherited) @executable_path/Frameworks";
				PRODUCT_BUNDLE_IDENTIFIER = "com.app.law-ios";
				PRODUCT_NAME = "$(TARGET_NAME)";
				TARGETED_DEVICE_FAMILY = "1,2";
			};
			name = Release;
		};
		420491C5201B6ED7005D61B9 /* Debug */ = {
			isa = XCBuildConfiguration;
			buildSettings = {
				BUNDLE_LOADER = "$(TEST_HOST)";
				CODE_SIGN_STYLE = Automatic;
				INFOPLIST_FILE = "law-iosTests/Info.plist";
				LD_RUNPATH_SEARCH_PATHS = "$(inherited) @executable_path/Frameworks @loader_path/Frameworks";
				PRODUCT_BUNDLE_IDENTIFIER = "com.app.law-iosTests";
				PRODUCT_NAME = "$(TARGET_NAME)";
				TARGETED_DEVICE_FAMILY = "1,2";
				TEST_HOST = "$(BUILT_PRODUCTS_DIR)/law-ios.app/law-ios";
			};
			name = Debug;
		};
		420491C6201B6ED7005D61B9 /* Release */ = {
			isa = XCBuildConfiguration;
			buildSettings = {
				BUNDLE_LOADER = "$(TEST_HOST)";
				CODE_SIGN_STYLE = Automatic;
				INFOPLIST_FILE = "law-iosTests/Info.plist";
				LD_RUNPATH_SEARCH_PATHS = "$(inherited) @executable_path/Frameworks @loader_path/Frameworks";
				PRODUCT_BUNDLE_IDENTIFIER = "com.app.law-iosTests";
				PRODUCT_NAME = "$(TARGET_NAME)";
				TARGETED_DEVICE_FAMILY = "1,2";
				TEST_HOST = "$(BUILT_PRODUCTS_DIR)/law-ios.app/law-ios";
			};
			name = Release;
		};
		420491C8201B6ED7005D61B9 /* Debug */ = {
			isa = XCBuildConfiguration;
			buildSettings = {
				CODE_SIGN_STYLE = Automatic;
				INFOPLIST_FILE = "law-iosUITests/Info.plist";
				LD_RUNPATH_SEARCH_PATHS = "$(inherited) @executable_path/Frameworks @loader_path/Frameworks";
				PRODUCT_BUNDLE_IDENTIFIER = "com.app.law-iosUITests";
				PRODUCT_NAME = "$(TARGET_NAME)";
				TARGETED_DEVICE_FAMILY = "1,2";
				TEST_TARGET_NAME = "law-ios";
			};
			name = Debug;
		};
		420491C9201B6ED7005D61B9 /* Release */ = {
			isa = XCBuildConfiguration;
			buildSettings = {
				CODE_SIGN_STYLE = Automatic;
				INFOPLIST_FILE = "law-iosUITests/Info.plist";
				LD_RUNPATH_SEARCH_PATHS = "$(inherited) @executable_path/Frameworks @loader_path/Frameworks";
				PRODUCT_BUNDLE_IDENTIFIER = "com.app.law-iosUITests";
				PRODUCT_NAME = "$(TARGET_NAME)";
				TARGETED_DEVICE_FAMILY = "1,2";
				TEST_TARGET_NAME = "law-ios";
			};
			name = Release;
		};
/* End XCBuildConfiguration section */

/* Begin XCConfigurationList section */
		42049190201B6ED6005D61B9 /* Build configuration list for PBXProject "law-ios" */ = {
			isa = XCConfigurationList;
			buildConfigurations = (
				420491BF201B6ED7005D61B9 /* Debug */,
				420491C0201B6ED7005D61B9 /* Release */,
			);
			defaultConfigurationIsVisible = 0;
			defaultConfigurationName = Release;
		};
		420491C1201B6ED7005D61B9 /* Build configuration list for PBXNativeTarget "law-ios" */ = {
			isa = XCConfigurationList;
			buildConfigurations = (
				420491C2201B6ED7005D61B9 /* Debug */,
				420491C3201B6ED7005D61B9 /* Release */,
			);
			defaultConfigurationIsVisible = 0;
			defaultConfigurationName = Release;
		};
		420491C4201B6ED7005D61B9 /* Build configuration list for PBXNativeTarget "law-iosTests" */ = {
			isa = XCConfigurationList;
			buildConfigurations = (
				420491C5201B6ED7005D61B9 /* Debug */,
				420491C6201B6ED7005D61B9 /* Release */,
			);
			defaultConfigurationIsVisible = 0;
			defaultConfigurationName = Release;
		};
		420491C7201B6ED7005D61B9 /* Build configuration list for PBXNativeTarget "law-iosUITests" */ = {
			isa = XCConfigurationList;
			buildConfigurations = (
				420491C8201B6ED7005D61B9 /* Debug */,
				420491C9201B6ED7005D61B9 /* Release */,
			);
			defaultConfigurationIsVisible = 0;
			defaultConfigurationName = Release;
		};
/* End XCConfigurationList section */
	};
	rootObject = 4204918D201B6ED6005D61B9 /* Project object */;
}
